
Microsoft Visual Studio Solution File, Format Version 12.00
# Visual Studio Version 16
VisualStudioVersion = 16.0.30413.136
MinimumVisualStudioVersion = 10.0.40219.1
Project("{FAE04EC0-301F-11D3-BF4B-00C04F79EFBC}") = "Practical_WAD", "Practical_WAD\Practical_WAD.csproj", "{FA44883C-8E88-46B2-AE89-28707673A310}"
EndProject
Global
	GlobalSection(SolutionConfigurationPlatforms) = preSolution
		Debug|Any CPU = Debug|Any CPU
		Release|Any CPU = Release|Any CPU
	EndGlobalSection
	GlobalSection(ProjectConfigurationPlatforms) = postSolution
		{FA44883C-8E88-46B2-AE89-28707673A310}.Debug|Any CPU.ActiveCfg = Debug|Any CPU
		{FA44883C-8E88-46B2-AE89-28707673A310}.Debug|Any CPU.Build.0 = Debug|Any CPU
		{FA44883C-8E88-46B2-AE89-28707673A310}.Release|Any CPU.ActiveCfg = Release|Any CPU
		{FA44883C-8E88-46B2-AE89-28707673A310}.Release|Any CPU.Build.0 = Release|Any CPU
	EndGlobalSection
	GlobalSection(SolutionProperties) = preSolution
		HideSolutionNode = FALSE
	EndGlobalSection
	GlobalSection(ExtensibilityGlobals) = postSolution
		SolutionGuid = {5661E5A8-7943-4AB6-87AA-1197FE07BAFE}
	EndGlobalSection
EndGlobal
